// !$*UTF8*$!
{
	archiveVersion = 1;
	classes = {
	};
	objectVersion = 50;
	objects = {

/* Begin PBXBuildFile section */
		45E2BA27262A3CFD008F5B17 /* AppDelegate.swift in Sources */ = {isa = PBXBuildFile; fileRef = 45E2BA26262A3CFD008F5B17 /* AppDelegate.swift */; };
		45E2BA29262A3CFD008F5B17 /* SceneDelegate.swift in Sources */ = {isa = PBXBuildFile; fileRef = 45E2BA28262A3CFD008F5B17 /* SceneDelegate.swift */; };
		45E2BA2B262A3CFD008F5B17 /* ViewController.swift in Sources */ = {isa = PBXBuildFile; fileRef = 45E2BA2A262A3CFD008F5B17 /* ViewController.swift */; };
		45E2BA2E262A3CFD008F5B17 /* Main.storyboard in Resources */ = {isa = PBXBuildFile; fileRef = 45E2BA2C262A3CFD008F5B17 /* Main.storyboard */; };
		45E2BA31262A3CFD008F5B17 /* Homework1.xcdatamodeld in Sources */ = {isa = PBXBuildFile; fileRef = 45E2BA2F262A3CFD008F5B17 /* Homework1.xcdatamodeld */; };
		45E2BA33262A3CFD008F5B17 /* Assets.xcassets in Resources */ = {isa = PBXBuildFile; fileRef = 45E2BA32262A3CFD008F5B17 /* Assets.xcassets */; };
		45E2BA36262A3CFD008F5B17 /* LaunchScreen.storyboard in Resources */ = {isa = PBXBuildFile; fileRef = 45E2BA34262A3CFD008F5B17 /* LaunchScreen.storyboard */; };
		45E2BA42262A46AD008F5B17 /* HealthTableViewCell.swift in Sources */ = {isa = PBXBuildFile; fileRef = 45E2BA41262A46AD008F5B17 /* HealthTableViewCell.swift */; };
		45E2BA47262A4975008F5B17 /* EnterDataViewController.swift in Sources */ = {isa = PBXBuildFile; fileRef = 45E2BA46262A4975008F5B17 /* EnterDataViewController.swift */; };
		45E2BA4A262A499A008F5B17 /* AtRiskViewController.swift in Sources */ = {isa = PBXBuildFile; fileRef = 45E2BA49262A499A008F5B17 /* AtRiskViewController.swift */; };
		45E2BA4D262A49C7008F5B17 /* ViewDataTableViewController.swift in Sources */ = {isa = PBXBuildFile; fileRef = 45E2BA4C262A49C7008F5B17 /* ViewDataTableViewController.swift */; };
		45E2BA56262A49FB008F5B17 /* HealthInfo.swift in Sources */ = {isa = PBXBuildFile; fileRef = 45E2BA55262A49FB008F5B17 /* HealthInfo.swift */; };
		45E2BA59262A4C16008F5B17 /* GlobalData.swift in Sources */ = {isa = PBXBuildFile; fileRef = 45E2BA58262A4C16008F5B17 /* GlobalData.swift */; };
/* End PBXBuildFile section */

/* Begin PBXFileReference section */
		45E2BA23262A3CFD008F5B17 /* Homework1.app */ = {isa = PBXFileReference; explicitFileType = wrapper.application; includeInIndex = 0; path = Homework1.app; sourceTree = BUILT_PRODUCTS_DIR; };
		45E2BA26262A3CFD008F5B17 /* AppDelegate.swift */ = {isa = PBXFileReference; lastKnownFileType = sourcecode.swift; path = AppDelegate.swift; sourceTree = "<group>"; };
		45E2BA28262A3CFD008F5B17 /* SceneDelegate.swift */ = {isa = PBXFileReference; lastKnownFileType = sourcecode.swift; path = SceneDelegate.swift; sourceTree = "<group>"; };
		45E2BA2A262A3CFD008F5B17 /* ViewController.swift */ = {isa = PBXFileReference; lastKnownFileType = sourcecode.swift; path = ViewController.swift; sourceTree = "<group>"; };
		45E2BA2D262A3CFD008F5B17 /* Base */ = {isa = PBXFileReference; lastKnownFileType = file.storyboard; name = Base; path = Base.lproj/Main.storyboard; sourceTree = "<group>"; };
		45E2BA30262A3CFD008F5B17 /* Homework1.xcdatamodel */ = {isa = PBXFileReference; lastKnownFileType = wrapper.xcdatamodel; path = Homework1.xcdatamodel; sourceTree = "<group>"; };
		45E2BA32262A3CFD008F5B17 /* Assets.xcassets */ = {isa = PBXFileReference; lastKnownFileType = folder.assetcatalog; path = Assets.xcassets; sourceTree = "<group>"; };
		45E2BA35262A3CFD008F5B17 /* Base */ = {isa = PBXFileReference; lastKnownFileType = file.storyboard; name = Base; path = Base.lproj/LaunchScreen.storyboard; sourceTree = "<group>"; };
		45E2BA37262A3CFD008F5B17 /* Info.plist */ = {isa = PBXFileReference; lastKnownFileType = text.plist.xml; path = Info.plist; sourceTree = "<group>"; };
		45E2BA41262A46AD008F5B17 /* HealthTableViewCell.swift */ = {isa = PBXFileReference; lastKnownFileType = sourcecode.swift; path = HealthTableViewCell.swift; sourceTree = "<group>"; };
		45E2BA46262A4975008F5B17 /* EnterDataViewController.swift */ = {isa = PBXFileReference; lastKnownFileType = sourcecode.swift; path = EnterDataViewController.swift; sourceTree = "<group>"; };
		45E2BA49262A499A008F5B17 /* AtRiskViewController.swift */ = {isa = PBXFileReference; lastKnownFileType = sourcecode.swift; path = AtRiskViewController.swift; sourceTree = "<group>"; };
		45E2BA4C262A49C7008F5B17 /* ViewDataTableViewController.swift */ = {isa = PBXFileReference; lastKnownFileType = sourcecode.swift; path = ViewDataTableViewController.swift; sourceTree = "<group>"; };
		45E2BA55262A49FB008F5B17 /* HealthInfo.swift */ = {isa = PBXFileReference; lastKnownFileType = sourcecode.swift; path = HealthInfo.swift; sourceTree = "<group>"; };
		45E2BA58262A4C16008F5B17 /* GlobalData.swift */ = {isa = PBXFileReference; lastKnownFileType = sourcecode.swift; path = GlobalData.swift; sourceTree = "<group>"; };
/* End PBXFileReference section */

/* Begin PBXFrameworksBuildPhase section */
		45E2BA20262A3CFD008F5B17 /* Frameworks */ = {
			isa = PBXFrameworksBuildPhase;
			buildActionMask = 2147483647;
			files = (
			);
			runOnlyForDeploymentPostprocessing = 0;
		};
/* End PBXFrameworksBuildPhase section */

/* Begin PBXGroup section */
		45E2BA1A262A3CFD008F5B17 = {
			isa = PBXGroup;
			children = (
				45E2BA25262A3CFD008F5B17 /* Homework1 */,
				45E2BA24262A3CFD008F5B17 /* Products */,
			);
			sourceTree = "<group>";
		};
		45E2BA24262A3CFD008F5B17 /* Products */ = {
			isa = PBXGroup;
			children = (
				45E2BA23262A3CFD008F5B17 /* Homework1.app */,
			);
			name = Products;
			sourceTree = "<group>";
		};
		45E2BA25262A3CFD008F5B17 /* Homework1 */ = {
			isa = PBXGroup;
			children = (
				45E2BA4F262A49D7008F5B17 /* Model */,
				45E2BA26262A3CFD008F5B17 /* AppDelegate.swift */,
				45E2BA28262A3CFD008F5B17 /* SceneDelegate.swift */,
				45E2BA2C262A3CFD008F5B17 /* Main.storyboard */,
				45E2BA3E262A3F15008F5B17 /* ViewControllers */,
				45E2BA32262A3CFD008F5B17 /* Assets.xcassets */,
				45E2BA34262A3CFD008F5B17 /* LaunchScreen.storyboard */,
				45E2BA37262A3CFD008F5B17 /* Info.plist */,
				45E2BA2F262A3CFD008F5B17 /* Homework1.xcdatamodeld */,
			);
			path = Homework1;
			sourceTree = "<group>";
		};
		45E2BA3E262A3F15008F5B17 /* ViewControllers */ = {
			isa = PBXGroup;
			children = (
				45E2BA4C262A49C7008F5B17 /* ViewDataTableViewController.swift */,
				45E2BA2A262A3CFD008F5B17 /* ViewController.swift */,
				45E2BA46262A4975008F5B17 /* EnterDataViewController.swift */,
				45E2BA49262A499A008F5B17 /* AtRiskViewController.swift */,
				45E2BA40262A4687008F5B17 /* CellViewController */,
			);
			path = ViewControllers;
			sourceTree = "<group>";
		};
		45E2BA40262A4687008F5B17 /* CellViewController */ = {
			isa = PBXGroup;
			children = (
				45E2BA41262A46AD008F5B17 /* HealthTableViewCell.swift */,
			);
			path = CellViewController;
			sourceTree = "<group>";
		};
		45E2BA4F262A49D7008F5B17 /* Model */ = {
			isa = PBXGroup;
			children = (
				45E2BA55262A49FB008F5B17 /* HealthInfo.swift */,
				45E2BA58262A4C16008F5B17 /* GlobalData.swift */,
			);
			path = Model;
			sourceTree = "<group>";
		};
/* End PBXGroup section */

/* Begin PBXNativeTarget section */
		45E2BA22262A3CFD008F5B17 /* Homework1 */ = {
			isa = PBXNativeTarget;
			buildConfigurationList = 45E2BA3A262A3CFD008F5B17 /* Build configuration list for PBXNativeTarget "Homework1" */;
			buildPhases = (
				45E2BA1F262A3CFD008F5B17 /* Sources */,
				45E2BA20262A3CFD008F5B17 /* Frameworks */,
				45E2BA21262A3CFD008F5B17 /* Resources */,
			);
			buildRules = (
			);
			dependencies = (
			);
			name = Homework1;
			productName = Homework1;
			productReference = 45E2BA23262A3CFD008F5B17 /* Homework1.app */;
			productType = "com.apple.product-type.application";
		};
/* End PBXNativeTarget section */

/* Begin PBXProject section */
		45E2BA1B262A3CFD008F5B17 /* Project object */ = {
			isa = PBXProject;
			attributes = {
				LastSwiftUpdateCheck = 1240;
				LastUpgradeCheck = 1240;
				TargetAttributes = {
					45E2BA22262A3CFD008F5B17 = {
						CreatedOnToolsVersion = 12.4;
					};
				};
			};
			buildConfigurationList = 45E2BA1E262A3CFD008F5B17 /* Build configuration list for PBXProject "Homework1" */;
			compatibilityVersion = "Xcode 9.3";
			developmentRegion = en;
			hasScannedForEncodings = 0;
			knownRegions = (
				en,
				Base,
			);
			mainGroup = 45E2BA1A262A3CFD008F5B17;
			productRefGroup = 45E2BA24262A3CFD008F5B17 /* Products */;
			projectDirPath = "";
			projectRoot = "";
			targets = (
				45E2BA22262A3CFD008F5B17 /* Homework1 */,
			);
		};
/* End PBXProject section */

/* Begin PBXResourcesBuildPhase section */
		45E2BA21262A3CFD008F5B17 /* Resources */ = {
			isa = PBXResourcesBuildPhase;
			buildActionMask = 2147483647;
			files = (
				45E2BA36262A3CFD008F5B17 /* LaunchScreen.storyboard in Resources */,
				45E2BA33262A3CFD008F5B17 /* Assets.xcassets in Resources */,
				45E2BA2E262A3CFD008F5B17 /* Main.storyboard in Resources */,
			);
			runOnlyForDeploymentPostprocessing = 0;
		};
/* End PBXResourcesBuildPhase section */

/* Begin PBXSourcesBuildPhase section */
		45E2BA1F262A3CFD008F5B17 /* Sources */ = {
			isa = PBXSourcesBuildPhase;
			buildActionMask = 2147483647;
			files = (
				45E2BA4D262A49C7008F5B17 /* ViewDataTableViewController.swift in Sources */,
				45E2BA2B262A3CFD008F5B17 /* ViewController.swift in Sources */,
				45E2BA56262A49FB008F5B17 /* HealthInfo.swift in Sources */,
				45E2BA47262A4975008F5B17 /* EnterDataViewController.swift in Sources */,
				45E2BA42262A46AD008F5B17 /* HealthTableViewCell.swift in Sources */,
				45E2BA27262A3CFD008F5B17 /* AppDelegate.swift in Sources */,
				45E2BA59262A4C16008F5B17 /* GlobalData.swift in Sources */,
				45E2BA29262A3CFD008F5B17 /* SceneDelegate.swift in Sources */,
				45E2BA4A262A499A008F5B17 /* AtRiskViewController.swift in Sources */,
				45E2BA31262A3CFD008F5B17 /* Homework1.xcdatamodeld in Sources */,
			);
			runOnlyForDeploymentPostprocessing = 0;
		};
/* End PBXSourcesBuildPhase section */

/* Begin PBXVariantGroup section */
		45E2BA2C262A3CFD008F5B17 /* Main.storyboard */ = {
			isa = PBXVariantGroup;
			children = (
				45E2BA2D262A3CFD008F5B17 /* Base */,
			);
			name = Main.storyboard;
			sourceTree = "<group>";
		};
		45E2BA34262A3CFD008F5B17 /* LaunchScreen.storyboard */ = {
			isa = PBXVariantGroup;
			children = (
				45E2BA35262A3CFD008F5B17 /* Base */,
			);
			name = LaunchScreen.storyboard;
			sourceTree = "<group>";
		};
/* End PBXVariantGroup section */

/* Begin XCBuildConfiguration section */
		45E2BA38262A3CFD008F5B17 /* Debug */ = {
			isa = XCBuildConfiguration;
			buildSettings = {
				ALWAYS_SEARCH_USER_PATHS = NO;
				CLANG_ANALYZER_NONNULL = YES;
				CLANG_ANALYZER_NUMBER_OBJECT_CONVERSION = YES_AGGRESSIVE;
				CLANG_CXX_LANGUAGE_STANDARD = "gnu++14";
				CLANG_CXX_LIBRARY = "libc++";
				CLANG_ENABLE_MODULES = YES;
				CLANG_ENABLE_OBJC_ARC = YES;
				CLANG_ENABLE_OBJC_WEAK = YES;
				CLANG_WARN_BLOCK_CAPTURE_AUTORELEASING = YES;
				CLANG_WARN_BOOL_CONVERSION = YES;
				CLANG_WARN_COMMA = YES;
				CLANG_WARN_CONSTANT_CONVERSION = YES;
				CLANG_WARN_DEPRECATED_OBJC_IMPLEMENTATIONS = YES;
				CLANG_WARN_DIRECT_OBJC_ISA_USAGE = YES_ERROR;
				CLANG_WARN_DOCUMENTATION_COMMENTS = YES;
				CLANG_WARN_EMPTY_BODY = YES;
				CLANG_WARN_ENUM_CONVERSION = YES;
				CLANG_WARN_INFINITE_RECURSION = YES;
				CLANG_WARN_INT_CONVERSION = YES;
				CLANG_WARN_NON_LITERAL_NULL_CONVERSION = YES;
				CLANG_WARN_OBJC_IMPLICIT_RETAIN_SELF = YES;
				CLANG_WARN_OBJC_LITERAL_CONVERSION = YES;
				CLANG_WARN_OBJC_ROOT_CLASS = YES_ERROR;
				CLANG_WARN_QUOTED_INCLUDE_IN_FRAMEWORK_HEADER = YES;
				CLANG_WARN_RANGE_LOOP_ANALYSIS = YES;
				CLANG_WARN_STRICT_PROTOTYPES = YES;
				CLANG_WARN_SUSPICIOUS_MOVE = YES;
				CLANG_WARN_UNGUARDED_AVAILABILITY = YES_AGGRESSIVE;
				CLANG_WARN_UNREACHABLE_CODE = YES;
				CLANG_WARN__DUPLICATE_METHOD_MATCH = YES;
				COPY_PHASE_STRIP = NO;
				DEBUG_INFORMATION_FORMAT = dwarf;
				ENABLE_STRICT_OBJC_MSGSEND = YES;
				ENABLE_TESTABILITY = YES;
				GCC_C_LANGUAGE_STANDARD = gnu11;
				GCC_DYNAMIC_NO_PIC = NO;
				GCC_NO_COMMON_BLOCKS = YES;
				GCC_OPTIMIZATION_LEVEL = 0;
				GCC_PREPROCESSOR_DEFINITIONS = (
					"DEBUG=1",
					"$(inherited)",
				);
				GCC_WARN_64_TO_32_BIT_CONVERSION = YES;
				GCC_WARN_ABOUT_RETURN_TYPE = YES_ERROR;
				GCC_WARN_UNDECLARED_SELECTOR = YES;
				GCC_WARN_UNINITIALIZED_AUTOS = YES_AGGRESSIVE;
				GCC_WARN_UNUSED_FUNCTION = YES;
				GCC_WARN_UNUSED_VARIABLE = YES;
				IPHONEOS_DEPLOYMENT_TARGET = 14.4;
				MTL_ENABLE_DEBUG_INFO = INCLUDE_SOURCE;
				MTL_FAST_MATH = YES;
				ONLY_ACTIVE_ARCH = YES;
				SDKROOT = iphoneos;
				SWIFT_ACTIVE_COMPILATION_CONDITIONS = DEBUG;
				SWIFT_OPTIMIZATION_LEVEL = "-Onone";
			};
			name = Debug;
		};
		45E2BA39262A3CFD008F5B17 /* Release */ = {
			isa = XCBuildConfiguration;
			buildSettings = {
				ALWAYS_SEARCH_USER_PATHS = NO;
				CLANG_ANALYZER_NONNULL = YES;
				CLANG_ANALYZER_NUMBER_OBJECT_CONVERSION = YES_AGGRESSIVE;
				CLANG_CXX_LANGUAGE_STANDARD = "gnu++14";
				CLANG_CXX_LIBRARY = "libc++";
				CLANG_ENABLE_MODULES = YES;
				CLANG_ENABLE_OBJC_ARC = YES;
				CLANG_ENABLE_OBJC_WEAK = YES;
				CLANG_WARN_BLOCK_CAPTURE_AUTORELEASING = YES;
				CLANG_WARN_BOOL_CONVERSION = YES;
				CLANG_WARN_COMMA = YES;
				CLANG_WARN_CONSTANT_CONVERSION = YES;
				CLANG_WARN_DEPRECATED_OBJC_IMPLEMENTATIONS = YES;
				CLANG_WARN_DIRECT_OBJC_ISA_USAGE = YES_ERROR;
				CLANG_WARN_DOCUMENTATION_COMMENTS = YES;
				CLANG_WARN_EMPTY_BODY = YES;
				CLANG_WARN_ENUM_CONVERSION = YES;
				CLANG_WARN_INFINITE_RECURSION = YES;
				CLANG_WARN_INT_CONVERSION = YES;
				CLANG_WARN_NON_LITERAL_NULL_CONVERSION = YES;
				CLANG_WARN_OBJC_IMPLICIT_RETAIN_SELF = YES;
				CLANG_WARN_OBJC_LITERAL_CONVERSION = YES;
				CLANG_WARN_OBJC_ROOT_CLASS = YES_ERROR;
				CLANG_WARN_QUOTED_INCLUDE_IN_FRAMEWORK_HEADER = YES;
				CLANG_WARN_RANGE_LOOP_ANALYSIS = YES;
				CLANG_WARN_STRICT_PROTOTYPES = YES;
				CLANG_WARN_SUSPICIOUS_MOVE = YES;
				CLANG_WARN_UNGUARDED_AVAILABILITY = YES_AGGRESSIVE;
				CLANG_WARN_UNREACHABLE_CODE = YES;
				CLANG_WARN__DUPLICATE_METHOD_MATCH = YES;
				COPY_PHASE_STRIP = NO;
				DEBUG_INFORMATION_FORMAT = "dwarf-with-dsym";
				ENABLE_NS_ASSERTIONS = NO;
				ENABLE_STRICT_OBJC_MSGSEND = YES;
				GCC_C_LANGUAGE_STANDARD = gnu11;
				GCC_NO_COMMON_BLOCKS = YES;
				GCC_WARN_64_TO_32_BIT_CONVERSION = YES;
				GCC_WARN_ABOUT_RETURN_TYPE = YES_ERROR;
				GCC_WARN_UNDECLARED_SELECTOR = YES;
				GCC_WARN_UNINITIALIZED_AUTOS = YES_AGGRESSIVE;
				GCC_WARN_UNUSED_FUNCTION = YES;
				GCC_WARN_UNUSED_VARIABLE = YES;
				IPHONEOS_DEPLOYMENT_TARGET = 14.4;
				MTL_ENABLE_DEBUG_INFO = NO;
				MTL_FAST_MATH = YES;
				SDKROOT = iphoneos;
				SWIFT_COMPILATION_MODE = wholemodule;
				SWIFT_OPTIMIZATION_LEVEL = "-O";
				VALIDATE_PRODUCT = YES;
			};
			name = Release;
		};
		45E2BA3B262A3CFD008F5B17 /* Debug */ = {
			isa = XCBuildConfiguration;
			buildSettings = {
				ASSETCATALOG_COMPILER_APPICON_NAME = AppIcon;
				ASSETCATALOG_COMPILER_GLOBAL_ACCENT_COLOR_NAME = AccentColor;
				CODE_SIGN_STYLE = Automatic;
				DEVELOPMENT_TEAM = F736LY9N7U;
				INFOPLIST_FILE = Homework1/Info.plist;
				LD_RUNPATH_SEARCH_PATHS = (
					"$(inherited)",
					"@executable_path/Frameworks",
				);
				PRODUCT_BUNDLE_IDENTIFIER = devox.Homework1;
				PRODUCT_NAME = "$(TARGET_NAME)";
				SWIFT_VERSION = 5.0;
				TARGETED_DEVICE_FAMILY = "1,2";
			};
			name = Debug;
		};
		45E2BA3C262A3CFD008F5B17 /* Release */ = {
			isa = XCBuildConfiguration;
			buildSettings = {
				ASSETCATALOG_COMPILER_APPICON_NAME = AppIcon;
				ASSETCATALOG_COMPILER_GLOBAL_ACCENT_COLOR_NAME = AccentColor;
				CODE_SIGN_STYLE = Automatic;
				DEVELOPMENT_TEAM = F736LY9N7U;
				INFOPLIST_FILE = Homework1/Info.plist;
				LD_RUNPATH_SEARCH_PATHS = (
					"$(inherited)",
					"@executable_path/Frameworks",
				);
				PRODUCT_BUNDLE_IDENTIFIER = devox.Homework1;
				PRODUCT_NAME = "$(TARGET_NAME)";
				SWIFT_VERSION = 5.0;
				TARGETED_DEVICE_FAMILY = "1,2";
			};
			name = Release;
		};
/* End XCBuildConfiguration section */

/* Begin XCConfigurationList section */
		45E2BA1E262A3CFD008F5B17 /* Build configuration list for PBXProject "Homework1" */ = {
			isa = XCConfigurationList;
			buildConfigurations = (
				45E2BA38262A3CFD008F5B17 /* Debug */,
				45E2BA39262A3CFD008F5B17 /* Release */,
			);
			defaultConfigurationIsVisible = 0;
			defaultConfigurationName = Release;
		};
		45E2BA3A262A3CFD008F5B17 /* Build configuration list for PBXNativeTarget "Homework1" */ = {
			isa = XCConfigurationList;
			buildConfigurations = (
				45E2BA3B262A3CFD008F5B17 /* Debug */,
				45E2BA3C262A3CFD008F5B17 /* Release */,
			);
			defaultConfigurationIsVisible = 0;
			defaultConfigurationName = Release;
		};
/* End XCConfigurationList section */

/* Begin XCVersionGroup section */
		45E2BA2F262A3CFD008F5B17 /* Homework1.xcdatamodeld */ = {
			isa = XCVersionGroup;
			children = (
				45E2BA30262A3CFD008F5B17 /* Homework1.xcdatamodel */,
			);
			currentVersion = 45E2BA30262A3CFD008F5B17 /* Homework1.xcdatamodel */;
			path = Homework1.xcdatamodeld;
			sourceTree = "<group>";
			versionGroupType = wrapper.xcdatamodel;
		};
/* End XCVersionGroup section */
	};
	rootObject = 45E2BA1B262A3CFD008F5B17 /* Project object */;
}
