// !$*UTF8*$!
{
	archiveVersion = 1;
	classes = {
	};
	objectVersion = 50;
	objects = {

/* Begin PBXBuildFile section */
		452288C525B94D0C0092A5BF /* AppDelegate.swift in Sources */ = {isa = PBXBuildFile; fileRef = 452288C425B94D0C0092A5BF /* AppDelegate.swift */; };
		452288C725B94D0C0092A5BF /* SceneDelegate.swift in Sources */ = {isa = PBXBuildFile; fileRef = 452288C625B94D0C0092A5BF /* SceneDelegate.swift */; };
		452288C925B94D0C0092A5BF /* ViewController.swift in Sources */ = {isa = PBXBuildFile; fileRef = 452288C825B94D0C0092A5BF /* ViewController.swift */; };
		452288CC25B94D0C0092A5BF /* Main.storyboard in Resources */ = {isa = PBXBuildFile; fileRef = 452288CA25B94D0C0092A5BF /* Main.storyboard */; };
		452288CE25B94D0C0092A5BF /* Assets.xcassets in Resources */ = {isa = PBXBuildFile; fileRef = 452288CD25B94D0C0092A5BF /* Assets.xcassets */; };
		452288D125B94D0C0092A5BF /* LaunchScreen.storyboard in Resources */ = {isa = PBXBuildFile; fileRef = 452288CF25B94D0C0092A5BF /* LaunchScreen.storyboard */; };
		452288DC25B94D0D0092A5BF /* Lab1Part2Tests.swift in Sources */ = {isa = PBXBuildFile; fileRef = 452288DB25B94D0D0092A5BF /* Lab1Part2Tests.swift */; };
		452288E725B94D0D0092A5BF /* Lab1Part2UITests.swift in Sources */ = {isa = PBXBuildFile; fileRef = 452288E625B94D0D0092A5BF /* Lab1Part2UITests.swift */; };
/* End PBXBuildFile section */

/* Begin PBXContainerItemProxy section */
		452288D825B94D0D0092A5BF /* PBXContainerItemProxy */ = {
			isa = PBXContainerItemProxy;
			containerPortal = 452288B925B94D0C0092A5BF /* Project object */;
			proxyType = 1;
			remoteGlobalIDString = 452288C025B94D0C0092A5BF;
			remoteInfo = Lab1Part2;
		};
		452288E325B94D0D0092A5BF /* PBXContainerItemProxy */ = {
			isa = PBXContainerItemProxy;
			containerPortal = 452288B925B94D0C0092A5BF /* Project object */;
			proxyType = 1;
			remoteGlobalIDString = 452288C025B94D0C0092A5BF;
			remoteInfo = Lab1Part2;
		};
/* End PBXContainerItemProxy section */

/* Begin PBXFileReference section */
		452288C125B94D0C0092A5BF /* Lab1Part2.app */ = {isa = PBXFileReference; explicitFileType = wrapper.application; includeInIndex = 0; path = Lab1Part2.app; sourceTree = BUILT_PRODUCTS_DIR; };
		452288C425B94D0C0092A5BF /* AppDelegate.swift */ = {isa = PBXFileReference; lastKnownFileType = sourcecode.swift; path = AppDelegate.swift; sourceTree = "<group>"; };
		452288C625B94D0C0092A5BF /* SceneDelegate.swift */ = {isa = PBXFileReference; lastKnownFileType = sourcecode.swift; path = SceneDelegate.swift; sourceTree = "<group>"; };
		452288C825B94D0C0092A5BF /* ViewController.swift */ = {isa = PBXFileReference; lastKnownFileType = sourcecode.swift; path = ViewController.swift; sourceTree = "<group>"; };
		452288CB25B94D0C0092A5BF /* Base */ = {isa = PBXFileReference; lastKnownFileType = file.storyboard; name = Base; path = Base.lproj/Main.storyboard; sourceTree = "<group>"; };
		452288CD25B94D0C0092A5BF /* Assets.xcassets */ = {isa = PBXFileReference; lastKnownFileType = folder.assetcatalog; path = Assets.xcassets; sourceTree = "<group>"; };
		452288D025B94D0C0092A5BF /* Base */ = {isa = PBXFileReference; lastKnownFileType = file.storyboard; name = Base; path = Base.lproj/LaunchScreen.storyboard; sourceTree = "<group>"; };
		452288D225B94D0C0092A5BF /* Info.plist */ = {isa = PBXFileReference; lastKnownFileType = text.plist.xml; path = Info.plist; sourceTree = "<group>"; };
		452288D725B94D0D0092A5BF /* Lab1Part2Tests.xctest */ = {isa = PBXFileReference; explicitFileType = wrapper.cfbundle; includeInIndex = 0; path = Lab1Part2Tests.xctest; sourceTree = BUILT_PRODUCTS_DIR; };
		452288DB25B94D0D0092A5BF /* Lab1Part2Tests.swift */ = {isa = PBXFileReference; lastKnownFileType = sourcecode.swift; path = Lab1Part2Tests.swift; sourceTree = "<group>"; };
		452288DD25B94D0D0092A5BF /* Info.plist */ = {isa = PBXFileReference; lastKnownFileType = text.plist.xml; path = Info.plist; sourceTree = "<group>"; };
		452288E225B94D0D0092A5BF /* Lab1Part2UITests.xctest */ = {isa = PBXFileReference; explicitFileType = wrapper.cfbundle; includeInIndex = 0; path = Lab1Part2UITests.xctest; sourceTree = BUILT_PRODUCTS_DIR; };
		452288E625B94D0D0092A5BF /* Lab1Part2UITests.swift */ = {isa = PBXFileReference; lastKnownFileType = sourcecode.swift; path = Lab1Part2UITests.swift; sourceTree = "<group>"; };
		452288E825B94D0D0092A5BF /* Info.plist */ = {isa = PBXFileReference; lastKnownFileType = text.plist.xml; path = Info.plist; sourceTree = "<group>"; };
/* End PBXFileReference section */

/* Begin PBXFrameworksBuildPhase section */
		452288BE25B94D0C0092A5BF /* Frameworks */ = {
			isa = PBXFrameworksBuildPhase;
			buildActionMask = 2147483647;
			files = (
			);
			runOnlyForDeploymentPostprocessing = 0;
		};
		452288D425B94D0D0092A5BF /* Frameworks */ = {
			isa = PBXFrameworksBuildPhase;
			buildActionMask = 2147483647;
			files = (
			);
			runOnlyForDeploymentPostprocessing = 0;
		};
		452288DF25B94D0D0092A5BF /* Frameworks */ = {
			isa = PBXFrameworksBuildPhase;
			buildActionMask = 2147483647;
			files = (
			);
			runOnlyForDeploymentPostprocessing = 0;
		};
/* End PBXFrameworksBuildPhase section */

/* Begin PBXGroup section */
		452288B825B94D0C0092A5BF = {
			isa = PBXGroup;
			children = (
				452288C325B94D0C0092A5BF /* Lab1Part2 */,
				452288DA25B94D0D0092A5BF /* Lab1Part2Tests */,
				452288E525B94D0D0092A5BF /* Lab1Part2UITests */,
				452288C225B94D0C0092A5BF /* Products */,
			);
			sourceTree = "<group>";
		};
		452288C225B94D0C0092A5BF /* Products */ = {
			isa = PBXGroup;
			children = (
				452288C125B94D0C0092A5BF /* Lab1Part2.app */,
				452288D725B94D0D0092A5BF /* Lab1Part2Tests.xctest */,
				452288E225B94D0D0092A5BF /* Lab1Part2UITests.xctest */,
			);
			name = Products;
			sourceTree = "<group>";
		};
		452288C325B94D0C0092A5BF /* Lab1Part2 */ = {
			isa = PBXGroup;
			children = (
				452288C425B94D0C0092A5BF /* AppDelegate.swift */,
				452288C625B94D0C0092A5BF /* SceneDelegate.swift */,
				452288C825B94D0C0092A5BF /* ViewController.swift */,
				452288CA25B94D0C0092A5BF /* Main.storyboard */,
				452288CD25B94D0C0092A5BF /* Assets.xcassets */,
				452288CF25B94D0C0092A5BF /* LaunchScreen.storyboard */,
				452288D225B94D0C0092A5BF /* Info.plist */,
			);
			path = Lab1Part2;
			sourceTree = "<group>";
		};
		452288DA25B94D0D0092A5BF /* Lab1Part2Tests */ = {
			isa = PBXGroup;
			children = (
				452288DB25B94D0D0092A5BF /* Lab1Part2Tests.swift */,
				452288DD25B94D0D0092A5BF /* Info.plist */,
			);
			path = Lab1Part2Tests;
			sourceTree = "<group>";
		};
		452288E525B94D0D0092A5BF /* Lab1Part2UITests */ = {
			isa = PBXGroup;
			children = (
				452288E625B94D0D0092A5BF /* Lab1Part2UITests.swift */,
				452288E825B94D0D0092A5BF /* Info.plist */,
			);
			path = Lab1Part2UITests;
			sourceTree = "<group>";
		};
/* End PBXGroup section */

/* Begin PBXNativeTarget section */
		452288C025B94D0C0092A5BF /* Lab1Part2 */ = {
			isa = PBXNativeTarget;
			buildConfigurationList = 452288EB25B94D0D0092A5BF /* Build configuration list for PBXNativeTarget "Lab1Part2" */;
			buildPhases = (
				452288BD25B94D0C0092A5BF /* Sources */,
				452288BE25B94D0C0092A5BF /* Frameworks */,
				452288BF25B94D0C0092A5BF /* Resources */,
			);
			buildRules = (
			);
			dependencies = (
			);
			name = Lab1Part2;
			productName = Lab1Part2;
			productReference = 452288C125B94D0C0092A5BF /* Lab1Part2.app */;
			productType = "com.apple.product-type.application";
		};
		452288D625B94D0D0092A5BF /* Lab1Part2Tests */ = {
			isa = PBXNativeTarget;
			buildConfigurationList = 452288EE25B94D0D0092A5BF /* Build configuration list for PBXNativeTarget "Lab1Part2Tests" */;
			buildPhases = (
				452288D325B94D0D0092A5BF /* Sources */,
				452288D425B94D0D0092A5BF /* Frameworks */,
				452288D525B94D0D0092A5BF /* Resources */,
			);
			buildRules = (
			);
			dependencies = (
				452288D925B94D0D0092A5BF /* PBXTargetDependency */,
			);
			name = Lab1Part2Tests;
			productName = Lab1Part2Tests;
			productReference = 452288D725B94D0D0092A5BF /* Lab1Part2Tests.xctest */;
			productType = "com.apple.product-type.bundle.unit-test";
		};
		452288E125B94D0D0092A5BF /* Lab1Part2UITests */ = {
			isa = PBXNativeTarget;
			buildConfigurationList = 452288F125B94D0D0092A5BF /* Build configuration list for PBXNativeTarget "Lab1Part2UITests" */;
			buildPhases = (
				452288DE25B94D0D0092A5BF /* Sources */,
				452288DF25B94D0D0092A5BF /* Frameworks */,
				452288E025B94D0D0092A5BF /* Resources */,
			);
			buildRules = (
			);
			dependencies = (
				452288E425B94D0D0092A5BF /* PBXTargetDependency */,
			);
			name = Lab1Part2UITests;
			productName = Lab1Part2UITests;
			productReference = 452288E225B94D0D0092A5BF /* Lab1Part2UITests.xctest */;
			productType = "com.apple.product-type.bundle.ui-testing";
		};
/* End PBXNativeTarget section */

/* Begin PBXProject section */
		452288B925B94D0C0092A5BF /* Project object */ = {
			isa = PBXProject;
			attributes = {
				LastSwiftUpdateCheck = 1230;
				LastUpgradeCheck = 1230;
				TargetAttributes = {
					452288C025B94D0C0092A5BF = {
						CreatedOnToolsVersion = 12.3;
					};
					452288D625B94D0D0092A5BF = {
						CreatedOnToolsVersion = 12.3;
						TestTargetID = 452288C025B94D0C0092A5BF;
					};
					452288E125B94D0D0092A5BF = {
						CreatedOnToolsVersion = 12.3;
						TestTargetID = 452288C025B94D0C0092A5BF;
					};
				};
			};
			buildConfigurationList = 452288BC25B94D0C0092A5BF /* Build configuration list for PBXProject "Lab1Part2" */;
			compatibilityVersion = "Xcode 9.3";
			developmentRegion = en;
			hasScannedForEncodings = 0;
			knownRegions = (
				en,
				Base,
			);
			mainGroup = 452288B825B94D0C0092A5BF;
			productRefGroup = 452288C225B94D0C0092A5BF /* Products */;
			projectDirPath = "";
			projectRoot = "";
			targets = (
				452288C025B94D0C0092A5BF /* Lab1Part2 */,
				452288D625B94D0D0092A5BF /* Lab1Part2Tests */,
				452288E125B94D0D0092A5BF /* Lab1Part2UITests */,
			);
		};
/* End PBXProject section */

/* Begin PBXResourcesBuildPhase section */
		452288BF25B94D0C0092A5BF /* Resources */ = {
			isa = PBXResourcesBuildPhase;
			buildActionMask = 2147483647;
			files = (
				452288D125B94D0C0092A5BF /* LaunchScreen.storyboard in Resources */,
				452288CE25B94D0C0092A5BF /* Assets.xcassets in Resources */,
				452288CC25B94D0C0092A5BF /* Main.storyboard in Resources */,
			);
			runOnlyForDeploymentPostprocessing = 0;
		};
		452288D525B94D0D0092A5BF /* Resources */ = {
			isa = PBXResourcesBuildPhase;
			buildActionMask = 2147483647;
			files = (
			);
			runOnlyForDeploymentPostprocessing = 0;
		};
		452288E025B94D0D0092A5BF /* Resources */ = {
			isa = PBXResourcesBuildPhase;
			buildActionMask = 2147483647;
			files = (
			);
			runOnlyForDeploymentPostprocessing = 0;
		};
/* End PBXResourcesBuildPhase section */

/* Begin PBXSourcesBuildPhase section */
		452288BD25B94D0C0092A5BF /* Sources */ = {
			isa = PBXSourcesBuildPhase;
			buildActionMask = 2147483647;
			files = (
				452288C925B94D0C0092A5BF /* ViewController.swift in Sources */,
				452288C525B94D0C0092A5BF /* AppDelegate.swift in Sources */,
				452288C725B94D0C0092A5BF /* SceneDelegate.swift in Sources */,
			);
			runOnlyForDeploymentPostprocessing = 0;
		};
		452288D325B94D0D0092A5BF /* Sources */ = {
			isa = PBXSourcesBuildPhase;
			buildActionMask = 2147483647;
			files = (
				452288DC25B94D0D0092A5BF /* Lab1Part2Tests.swift in Sources */,
			);
			runOnlyForDeploymentPostprocessing = 0;
		};
		452288DE25B94D0D0092A5BF /* Sources */ = {
			isa = PBXSourcesBuildPhase;
			buildActionMask = 2147483647;
			files = (
				452288E725B94D0D0092A5BF /* Lab1Part2UITests.swift in Sources */,
			);
			runOnlyForDeploymentPostprocessing = 0;
		};
/* End PBXSourcesBuildPhase section */

/* Begin PBXTargetDependency section */
		452288D925B94D0D0092A5BF /* PBXTargetDependency */ = {
			isa = PBXTargetDependency;
			target = 452288C025B94D0C0092A5BF /* Lab1Part2 */;
			targetProxy = 452288D825B94D0D0092A5BF /* PBXContainerItemProxy */;
		};
		452288E425B94D0D0092A5BF /* PBXTargetDependency */ = {
			isa = PBXTargetDependency;
			target = 452288C025B94D0C0092A5BF /* Lab1Part2 */;
			targetProxy = 452288E325B94D0D0092A5BF /* PBXContainerItemProxy */;
		};
/* End PBXTargetDependency section */

/* Begin PBXVariantGroup section */
		452288CA25B94D0C0092A5BF /* Main.storyboard */ = {
			isa = PBXVariantGroup;
			children = (
				452288CB25B94D0C0092A5BF /* Base */,
			);
			name = Main.storyboard;
			sourceTree = "<group>";
		};
		452288CF25B94D0C0092A5BF /* LaunchScreen.storyboard */ = {
			isa = PBXVariantGroup;
			children = (
				452288D025B94D0C0092A5BF /* Base */,
			);
			name = LaunchScreen.storyboard;
			sourceTree = "<group>";
		};
/* End PBXVariantGroup section */

/* Begin XCBuildConfiguration section */
		452288E925B94D0D0092A5BF /* Debug */ = {
			isa = XCBuildConfiguration;
			buildSettings = {
				ALWAYS_SEARCH_USER_PATHS = NO;
				CLANG_ANALYZER_NONNULL = YES;
				CLANG_ANALYZER_NUMBER_OBJECT_CONVERSION = YES_AGGRESSIVE;
				CLANG_CXX_LANGUAGE_STANDARD = "gnu++14";
				CLANG_CXX_LIBRARY = "libc++";
				CLANG_ENABLE_MODULES = YES;
				CLANG_ENABLE_OBJC_ARC = YES;
				CLANG_ENABLE_OBJC_WEAK = YES;
				CLANG_WARN_BLOCK_CAPTURE_AUTORELEASING = YES;
				CLANG_WARN_BOOL_CONVERSION = YES;
				CLANG_WARN_COMMA = YES;
				CLANG_WARN_CONSTANT_CONVERSION = YES;
				CLANG_WARN_DEPRECATED_OBJC_IMPLEMENTATIONS = YES;
				CLANG_WARN_DIRECT_OBJC_ISA_USAGE = YES_ERROR;
				CLANG_WARN_DOCUMENTATION_COMMENTS = YES;
				CLANG_WARN_EMPTY_BODY = YES;
				CLANG_WARN_ENUM_CONVERSION = YES;
				CLANG_WARN_INFINITE_RECURSION = YES;
				CLANG_WARN_INT_CONVERSION = YES;
				CLANG_WARN_NON_LITERAL_NULL_CONVERSION = YES;
				CLANG_WARN_OBJC_IMPLICIT_RETAIN_SELF = YES;
				CLANG_WARN_OBJC_LITERAL_CONVERSION = YES;
				CLANG_WARN_OBJC_ROOT_CLASS = YES_ERROR;
				CLANG_WARN_QUOTED_INCLUDE_IN_FRAMEWORK_HEADER = YES;
				CLANG_WARN_RANGE_LOOP_ANALYSIS = YES;
				CLANG_WARN_STRICT_PROTOTYPES = YES;
				CLANG_WARN_SUSPICIOUS_MOVE = YES;
				CLANG_WARN_UNGUARDED_AVAILABILITY = YES_AGGRESSIVE;
				CLANG_WARN_UNREACHABLE_CODE = YES;
				CLANG_WARN__DUPLICATE_METHOD_MATCH = YES;
				COPY_PHASE_STRIP = NO;
				DEBUG_INFORMATION_FORMAT = dwarf;
				ENABLE_STRICT_OBJC_MSGSEND = YES;
				ENABLE_TESTABILITY = YES;
				GCC_C_LANGUAGE_STANDARD = gnu11;
				GCC_DYNAMIC_NO_PIC = NO;
				GCC_NO_COMMON_BLOCKS = YES;
				GCC_OPTIMIZATION_LEVEL = 0;
				GCC_PREPROCESSOR_DEFINITIONS = (
					"DEBUG=1",
					"$(inherited)",
				);
				GCC_WARN_64_TO_32_BIT_CONVERSION = YES;
				GCC_WARN_ABOUT_RETURN_TYPE = YES_ERROR;
				GCC_WARN_UNDECLARED_SELECTOR = YES;
				GCC_WARN_UNINITIALIZED_AUTOS = YES_AGGRESSIVE;
				GCC_WARN_UNUSED_FUNCTION = YES;
				GCC_WARN_UNUSED_VARIABLE = YES;
				IPHONEOS_DEPLOYMENT_TARGET = 14.3;
				MTL_ENABLE_DEBUG_INFO = INCLUDE_SOURCE;
				MTL_FAST_MATH = YES;
				ONLY_ACTIVE_ARCH = YES;
				SDKROOT = iphoneos;
				SWIFT_ACTIVE_COMPILATION_CONDITIONS = DEBUG;
				SWIFT_OPTIMIZATION_LEVEL = "-Onone";
			};
			name = Debug;
		};
		452288EA25B94D0D0092A5BF /* Release */ = {
			isa = XCBuildConfiguration;
			buildSettings = {
				ALWAYS_SEARCH_USER_PATHS = NO;
				CLANG_ANALYZER_NONNULL = YES;
				CLANG_ANALYZER_NUMBER_OBJECT_CONVERSION = YES_AGGRESSIVE;
				CLANG_CXX_LANGUAGE_STANDARD = "gnu++14";
				CLANG_CXX_LIBRARY = "libc++";
				CLANG_ENABLE_MODULES = YES;
				CLANG_ENABLE_OBJC_ARC = YES;
				CLANG_ENABLE_OBJC_WEAK = YES;
				CLANG_WARN_BLOCK_CAPTURE_AUTORELEASING = YES;
				CLANG_WARN_BOOL_CONVERSION = YES;
				CLANG_WARN_COMMA = YES;
				CLANG_WARN_CONSTANT_CONVERSION = YES;
				CLANG_WARN_DEPRECATED_OBJC_IMPLEMENTATIONS = YES;
				CLANG_WARN_DIRECT_OBJC_ISA_USAGE = YES_ERROR;
				CLANG_WARN_DOCUMENTATION_COMMENTS = YES;
				CLANG_WARN_EMPTY_BODY = YES;
				CLANG_WARN_ENUM_CONVERSION = YES;
				CLANG_WARN_INFINITE_RECURSION = YES;
				CLANG_WARN_INT_CONVERSION = YES;
				CLANG_WARN_NON_LITERAL_NULL_CONVERSION = YES;
				CLANG_WARN_OBJC_IMPLICIT_RETAIN_SELF = YES;
				CLANG_WARN_OBJC_LITERAL_CONVERSION = YES;
				CLANG_WARN_OBJC_ROOT_CLASS = YES_ERROR;
				CLANG_WARN_QUOTED_INCLUDE_IN_FRAMEWORK_HEADER = YES;
				CLANG_WARN_RANGE_LOOP_ANALYSIS = YES;
				CLANG_WARN_STRICT_PROTOTYPES = YES;
				CLANG_WARN_SUSPICIOUS_MOVE = YES;
				CLANG_WARN_UNGUARDED_AVAILABILITY = YES_AGGRESSIVE;
				CLANG_WARN_UNREACHABLE_CODE = YES;
				CLANG_WARN__DUPLICATE_METHOD_MATCH = YES;
				COPY_PHASE_STRIP = NO;
				DEBUG_INFORMATION_FORMAT = "dwarf-with-dsym";
				ENABLE_NS_ASSERTIONS = NO;
				ENABLE_STRICT_OBJC_MSGSEND = YES;
				GCC_C_LANGUAGE_STANDARD = gnu11;
				GCC_NO_COMMON_BLOCKS = YES;
				GCC_WARN_64_TO_32_BIT_CONVERSION = YES;
				GCC_WARN_ABOUT_RETURN_TYPE = YES_ERROR;
				GCC_WARN_UNDECLARED_SELECTOR = YES;
				GCC_WARN_UNINITIALIZED_AUTOS = YES_AGGRESSIVE;
				GCC_WARN_UNUSED_FUNCTION = YES;
				GCC_WARN_UNUSED_VARIABLE = YES;
				IPHONEOS_DEPLOYMENT_TARGET = 14.3;
				MTL_ENABLE_DEBUG_INFO = NO;
				MTL_FAST_MATH = YES;
				SDKROOT = iphoneos;
				SWIFT_COMPILATION_MODE = wholemodule;
				SWIFT_OPTIMIZATION_LEVEL = "-O";
				VALIDATE_PRODUCT = YES;
			};
			name = Release;
		};
		452288EC25B94D0D0092A5BF /* Debug */ = {
			isa = XCBuildConfiguration;
			buildSettings = {
				ASSETCATALOG_COMPILER_APPICON_NAME = AppIcon;
				ASSETCATALOG_COMPILER_GLOBAL_ACCENT_COLOR_NAME = AccentColor;
				CODE_SIGN_STYLE = Automatic;
				DEVELOPMENT_TEAM = F736LY9N7U;
				INFOPLIST_FILE = Lab1Part2/Info.plist;
				LD_RUNPATH_SEARCH_PATHS = (
					"$(inherited)",
					"@executable_path/Frameworks",
				);
				PRODUCT_BUNDLE_IDENTIFIER = devox.Lab1Part2;
				PRODUCT_NAME = "$(TARGET_NAME)";
				SWIFT_VERSION = 5.0;
				TARGETED_DEVICE_FAMILY = "1,2";
			};
			name = Debug;
		};
		452288ED25B94D0D0092A5BF /* Release */ = {
			isa = XCBuildConfiguration;
			buildSettings = {
				ASSETCATALOG_COMPILER_APPICON_NAME = AppIcon;
				ASSETCATALOG_COMPILER_GLOBAL_ACCENT_COLOR_NAME = AccentColor;
				CODE_SIGN_STYLE = Automatic;
				DEVELOPMENT_TEAM = F736LY9N7U;
				INFOPLIST_FILE = Lab1Part2/Info.plist;
				LD_RUNPATH_SEARCH_PATHS = (
					"$(inherited)",
					"@executable_path/Frameworks",
				);
				PRODUCT_BUNDLE_IDENTIFIER = devox.Lab1Part2;
				PRODUCT_NAME = "$(TARGET_NAME)";
				SWIFT_VERSION = 5.0;
				TARGETED_DEVICE_FAMILY = "1,2";
			};
			name = Release;
		};
		452288EF25B94D0D0092A5BF /* Debug */ = {
			isa = XCBuildConfiguration;
			buildSettings = {
				ALWAYS_EMBED_SWIFT_STANDARD_LIBRARIES = YES;
				BUNDLE_LOADER = "$(TEST_HOST)";
				CODE_SIGN_STYLE = Automatic;
				DEVELOPMENT_TEAM = F736LY9N7U;
				INFOPLIST_FILE = Lab1Part2Tests/Info.plist;
				IPHONEOS_DEPLOYMENT_TARGET = 14.3;
				LD_RUNPATH_SEARCH_PATHS = (
					"$(inherited)",
					"@executable_path/Frameworks",
					"@loader_path/Frameworks",
				);
				PRODUCT_BUNDLE_IDENTIFIER = devox.Lab1Part2Tests;
				PRODUCT_NAME = "$(TARGET_NAME)";
				SWIFT_VERSION = 5.0;
				TARGETED_DEVICE_FAMILY = "1,2";
				TEST_HOST = "$(BUILT_PRODUCTS_DIR)/Lab1Part2.app/Lab1Part2";
			};
			name = Debug;
		};
		452288F025B94D0D0092A5BF /* Release */ = {
			isa = XCBuildConfiguration;
			buildSettings = {
				ALWAYS_EMBED_SWIFT_STANDARD_LIBRARIES = YES;
				BUNDLE_LOADER = "$(TEST_HOST)";
				CODE_SIGN_STYLE = Automatic;
				DEVELOPMENT_TEAM = F736LY9N7U;
				INFOPLIST_FILE = Lab1Part2Tests/Info.plist;
				IPHONEOS_DEPLOYMENT_TARGET = 14.3;
				LD_RUNPATH_SEARCH_PATHS = (
					"$(inherited)",
					"@executable_path/Frameworks",
					"@loader_path/Frameworks",
				);
				PRODUCT_BUNDLE_IDENTIFIER = devox.Lab1Part2Tests;
				PRODUCT_NAME = "$(TARGET_NAME)";
				SWIFT_VERSION = 5.0;
				TARGETED_DEVICE_FAMILY = "1,2";
				TEST_HOST = "$(BUILT_PRODUCTS_DIR)/Lab1Part2.app/Lab1Part2";
			};
			name = Release;
		};
		452288F225B94D0D0092A5BF /* Debug */ = {
			isa = XCBuildConfiguration;
			buildSettings = {
				ALWAYS_EMBED_SWIFT_STANDARD_LIBRARIES = YES;
				CODE_SIGN_STYLE = Automatic;
				DEVELOPMENT_TEAM = F736LY9N7U;
				INFOPLIST_FILE = Lab1Part2UITests/Info.plist;
				LD_RUNPATH_SEARCH_PATHS = (
					"$(inherited)",
					"@executable_path/Frameworks",
					"@loader_path/Frameworks",
				);
				PRODUCT_BUNDLE_IDENTIFIER = devox.Lab1Part2UITests;
				PRODUCT_NAME = "$(TARGET_NAME)";
				SWIFT_VERSION = 5.0;
				TARGETED_DEVICE_FAMILY = "1,2";
				TEST_TARGET_NAME = Lab1Part2;
			};
			name = Debug;
		};
		452288F325B94D0D0092A5BF /* Release */ = {
			isa = XCBuildConfiguration;
			buildSettings = {
				ALWAYS_EMBED_SWIFT_STANDARD_LIBRARIES = YES;
				CODE_SIGN_STYLE = Automatic;
				DEVELOPMENT_TEAM = F736LY9N7U;
				INFOPLIST_FILE = Lab1Part2UITests/Info.plist;
				LD_RUNPATH_SEARCH_PATHS = (
					"$(inherited)",
					"@executable_path/Frameworks",
					"@loader_path/Frameworks",
				);
				PRODUCT_BUNDLE_IDENTIFIER = devox.Lab1Part2UITests;
				PRODUCT_NAME = "$(TARGET_NAME)";
				SWIFT_VERSION = 5.0;
				TARGETED_DEVICE_FAMILY = "1,2";
				TEST_TARGET_NAME = Lab1Part2;
			};
			name = Release;
		};
/* End XCBuildConfiguration section */

/* Begin XCConfigurationList section */
		452288BC25B94D0C0092A5BF /* Build configuration list for PBXProject "Lab1Part2" */ = {
			isa = XCConfigurationList;
			buildConfigurations = (
				452288E925B94D0D0092A5BF /* Debug */,
				452288EA25B94D0D0092A5BF /* Release */,
			);
			defaultConfigurationIsVisible = 0;
			defaultConfigurationName = Release;
		};
		452288EB25B94D0D0092A5BF /* Build configuration list for PBXNativeTarget "Lab1Part2" */ = {
			isa = XCConfigurationList;
			buildConfigurations = (
				452288EC25B94D0D0092A5BF /* Debug */,
				452288ED25B94D0D0092A5BF /* Release */,
			);
			defaultConfigurationIsVisible = 0;
			defaultConfigurationName = Release;
		};
		452288EE25B94D0D0092A5BF /* Build configuration list for PBXNativeTarget "Lab1Part2Tests" */ = {
			isa = XCConfigurationList;
			buildConfigurations = (
				452288EF25B94D0D0092A5BF /* Debug */,
				452288F025B94D0D0092A5BF /* Release */,
			);
			defaultConfigurationIsVisible = 0;
			defaultConfigurationName = Release;
		};
		452288F125B94D0D0092A5BF /* Build configuration list for PBXNativeTarget "Lab1Part2UITests" */ = {
			isa = XCConfigurationList;
			buildConfigurations = (
				452288F225B94D0D0092A5BF /* Debug */,
				452288F325B94D0D0092A5BF /* Release */,
			);
			defaultConfigurationIsVisible = 0;
			defaultConfigurationName = Release;
		};
/* End XCConfigurationList section */
	};
	rootObject = 452288B925B94D0C0092A5BF /* Project object */;
}
